// !$*UTF8*$!
{
	archiveVersion = 1;
	classes = {
	};
	objectVersion = 56;
	objects = {

/* Begin PBXBuildFile section */
		D50FC1EB2BC823D900274280 /* QuestifyAppApp.swift in Sources */ = {isa = PBXBuildFile; fileRef = D50FC1EA2BC823D900274280 /* QuestifyAppApp.swift */; };
		D50FC1ED2BC823D900274280 /* ContentView.swift in Sources */ = {isa = PBXBuildFile; fileRef = D50FC1EC2BC823D900274280 /* ContentView.swift */; };
		D50FC1EF2BC823DF00274280 /* Assets.xcassets in Resources */ = {isa = PBXBuildFile; fileRef = D50FC1EE2BC823DF00274280 /* Assets.xcassets */; };
		D50FC1F22BC823DF00274280 /* Preview Assets.xcassets in Resources */ = {isa = PBXBuildFile; fileRef = D50FC1F12BC823DF00274280 /* Preview Assets.xcassets */; };
		D50FC1FC2BC823E000274280 /* QuestifyAppTests.swift in Sources */ = {isa = PBXBuildFile; fileRef = D50FC1FB2BC823E000274280 /* QuestifyAppTests.swift */; };
		D50FC2062BC823E000274280 /* QuestifyAppUITests.swift in Sources */ = {isa = PBXBuildFile; fileRef = D50FC2052BC823E000274280 /* QuestifyAppUITests.swift */; };
		D50FC2082BC823E000274280 /* QuestifyAppUITestsLaunchTests.swift in Sources */ = {isa = PBXBuildFile; fileRef = D50FC2072BC823E000274280 /* QuestifyAppUITestsLaunchTests.swift */; };
		D50FC2152BC826D600274280 /* GoogleService-Info.plist in Resources */ = {isa = PBXBuildFile; fileRef = D50FC2142BC826D600274280 /* GoogleService-Info.plist */; };
		D50FC2182BC827E400274280 /* FirebaseAnalytics in Frameworks */ = {isa = PBXBuildFile; productRef = D50FC2172BC827E400274280 /* FirebaseAnalytics */; };
		D50FC21A2BC827E400274280 /* FirebaseAnalyticsOnDeviceConversion in Frameworks */ = {isa = PBXBuildFile; productRef = D50FC2192BC827E400274280 /* FirebaseAnalyticsOnDeviceConversion */; };
		D50FC21C2BC827E400274280 /* FirebaseAnalyticsSwift in Frameworks */ = {isa = PBXBuildFile; productRef = D50FC21B2BC827E400274280 /* FirebaseAnalyticsSwift */; };
		D50FC21E2BC827E400274280 /* FirebaseAnalyticsWithoutAdIdSupport in Frameworks */ = {isa = PBXBuildFile; productRef = D50FC21D2BC827E400274280 /* FirebaseAnalyticsWithoutAdIdSupport */; };
		D50FC2202BC827E400274280 /* FirebaseAppCheck in Frameworks */ = {isa = PBXBuildFile; productRef = D50FC21F2BC827E400274280 /* FirebaseAppCheck */; };
/* End PBXBuildFile section */

/* Begin PBXContainerItemProxy section */
		D50FC1F82BC823E000274280 /* PBXContainerItemProxy */ = {
			isa = PBXContainerItemProxy;
			containerPortal = D50FC1DF2BC823D900274280 /* Project object */;
			proxyType = 1;
			remoteGlobalIDString = D50FC1E62BC823D900274280;
			remoteInfo = QuestifyApp;
		};
		D50FC2022BC823E000274280 /* PBXContainerItemProxy */ = {
			isa = PBXContainerItemProxy;
			containerPortal = D50FC1DF2BC823D900274280 /* Project object */;
			proxyType = 1;
			remoteGlobalIDString = D50FC1E62BC823D900274280;
			remoteInfo = QuestifyApp;
		};
/* End PBXContainerItemProxy section */

/* Begin PBXFileReference section */
		D50FC1E72BC823D900274280 /* QuestifyApp.app */ = {isa = PBXFileReference; explicitFileType = wrapper.application; includeInIndex = 0; path = QuestifyApp.app; sourceTree = BUILT_PRODUCTS_DIR; };
		D50FC1EA2BC823D900274280 /* QuestifyAppApp.swift */ = {isa = PBXFileReference; lastKnownFileType = sourcecode.swift; path = QuestifyAppApp.swift; sourceTree = "<group>"; };
		D50FC1EC2BC823D900274280 /* ContentView.swift */ = {isa = PBXFileReference; lastKnownFileType = sourcecode.swift; path = ContentView.swift; sourceTree = "<group>"; };
		D50FC1EE2BC823DF00274280 /* Assets.xcassets */ = {isa = PBXFileReference; lastKnownFileType = folder.assetcatalog; path = Assets.xcassets; sourceTree = "<group>"; };
		D50FC1F12BC823DF00274280 /* Preview Assets.xcassets */ = {isa = PBXFileReference; lastKnownFileType = folder.assetcatalog; path = "Preview Assets.xcassets"; sourceTree = "<group>"; };
		D50FC1F72BC823E000274280 /* QuestifyAppTests.xctest */ = {isa = PBXFileReference; explicitFileType = wrapper.cfbundle; includeInIndex = 0; path = QuestifyAppTests.xctest; sourceTree = BUILT_PRODUCTS_DIR; };
		D50FC1FB2BC823E000274280 /* QuestifyAppTests.swift */ = {isa = PBXFileReference; lastKnownFileType = sourcecode.swift; path = QuestifyAppTests.swift; sourceTree = "<group>"; };
		D50FC2012BC823E000274280 /* QuestifyAppUITests.xctest */ = {isa = PBXFileReference; explicitFileType = wrapper.cfbundle; includeInIndex = 0; path = QuestifyAppUITests.xctest; sourceTree = BUILT_PRODUCTS_DIR; };
		D50FC2052BC823E000274280 /* QuestifyAppUITests.swift */ = {isa = PBXFileReference; lastKnownFileType = sourcecode.swift; path = QuestifyAppUITests.swift; sourceTree = "<group>"; };
		D50FC2072BC823E000274280 /* QuestifyAppUITestsLaunchTests.swift */ = {isa = PBXFileReference; lastKnownFileType = sourcecode.swift; path = QuestifyAppUITestsLaunchTests.swift; sourceTree = "<group>"; };
		D50FC2142BC826D600274280 /* GoogleService-Info.plist */ = {isa = PBXFileReference; fileEncoding = 4; lastKnownFileType = text.plist.xml; path = "GoogleService-Info.plist"; sourceTree = "<group>"; };
/* End PBXFileReference section */

/* Begin PBXFrameworksBuildPhase section */
		D50FC1E42BC823D900274280 /* Frameworks */ = {
			isa = PBXFrameworksBuildPhase;
			buildActionMask = 2147483647;
			files = (
				D50FC21C2BC827E400274280 /* FirebaseAnalyticsSwift in Frameworks */,
				D50FC2182BC827E400274280 /* FirebaseAnalytics in Frameworks */,
				D50FC21A2BC827E400274280 /* FirebaseAnalyticsOnDeviceConversion in Frameworks */,
				D50FC2202BC827E400274280 /* FirebaseAppCheck in Frameworks */,
				D50FC21E2BC827E400274280 /* FirebaseAnalyticsWithoutAdIdSupport in Frameworks */,
			);
			runOnlyForDeploymentPostprocessing = 0;
		};
		D50FC1F42BC823E000274280 /* Frameworks */ = {
			isa = PBXFrameworksBuildPhase;
			buildActionMask = 2147483647;
			files = (
			);
			runOnlyForDeploymentPostprocessing = 0;
		};
		D50FC1FE2BC823E000274280 /* Frameworks */ = {
			isa = PBXFrameworksBuildPhase;
			buildActionMask = 2147483647;
			files = (
			);
			runOnlyForDeploymentPostprocessing = 0;
		};
/* End PBXFrameworksBuildPhase section */

/* Begin PBXGroup section */
		D50FC1DE2BC823D900274280 = {
			isa = PBXGroup;
			children = (
				D50FC1E92BC823D900274280 /* QuestifyApp */,
				D50FC1FA2BC823E000274280 /* QuestifyAppTests */,
				D50FC2042BC823E000274280 /* QuestifyAppUITests */,
				D50FC1E82BC823D900274280 /* Products */,
			);
			sourceTree = "<group>";
		};
		D50FC1E82BC823D900274280 /* Products */ = {
			isa = PBXGroup;
			children = (
				D50FC1E72BC823D900274280 /* QuestifyApp.app */,
				D50FC1F72BC823E000274280 /* QuestifyAppTests.xctest */,
				D50FC2012BC823E000274280 /* QuestifyAppUITests.xctest */,
			);
			name = Products;
			sourceTree = "<group>";
		};
		D50FC1E92BC823D900274280 /* QuestifyApp */ = {
			isa = PBXGroup;
			children = (
				D50FC2142BC826D600274280 /* GoogleService-Info.plist */,
				D50FC1EA2BC823D900274280 /* QuestifyAppApp.swift */,
				D50FC1EC2BC823D900274280 /* ContentView.swift */,
				D50FC1EE2BC823DF00274280 /* Assets.xcassets */,
				D50FC1F02BC823DF00274280 /* Preview Content */,
			);
			path = QuestifyApp;
			sourceTree = "<group>";
		};
		D50FC1F02BC823DF00274280 /* Preview Content */ = {
			isa = PBXGroup;
			children = (
				D50FC1F12BC823DF00274280 /* Preview Assets.xcassets */,
			);
			path = "Preview Content";
			sourceTree = "<group>";
		};
		D50FC1FA2BC823E000274280 /* QuestifyAppTests */ = {
			isa = PBXGroup;
			children = (
				D50FC1FB2BC823E000274280 /* QuestifyAppTests.swift */,
			);
			path = QuestifyAppTests;
			sourceTree = "<group>";
		};
		D50FC2042BC823E000274280 /* QuestifyAppUITests */ = {
			isa = PBXGroup;
			children = (
				D50FC2052BC823E000274280 /* QuestifyAppUITests.swift */,
				D50FC2072BC823E000274280 /* QuestifyAppUITestsLaunchTests.swift */,
			);
			path = QuestifyAppUITests;
			sourceTree = "<group>";
		};
/* End PBXGroup section */

/* Begin PBXNativeTarget section */
		D50FC1E62BC823D900274280 /* QuestifyApp */ = {
			isa = PBXNativeTarget;
			buildConfigurationList = D50FC20B2BC823E000274280 /* Build configuration list for PBXNativeTarget "QuestifyApp" */;
			buildPhases = (
				D50FC1E32BC823D900274280 /* Sources */,
				D50FC1E42BC823D900274280 /* Frameworks */,
				D50FC1E52BC823D900274280 /* Resources */,
			);
			buildRules = (
			);
			dependencies = (
			);
			name = QuestifyApp;
			packageProductDependencies = (
				D50FC2172BC827E400274280 /* FirebaseAnalytics */,
				D50FC2192BC827E400274280 /* FirebaseAnalyticsOnDeviceConversion */,
				D50FC21B2BC827E400274280 /* FirebaseAnalyticsSwift */,
				D50FC21D2BC827E400274280 /* FirebaseAnalyticsWithoutAdIdSupport */,
				D50FC21F2BC827E400274280 /* FirebaseAppCheck */,
			);
			productName = QuestifyApp;
			productReference = D50FC1E72BC823D900274280 /* QuestifyApp.app */;
			productType = "com.apple.product-type.application";
		};
		D50FC1F62BC823E000274280 /* QuestifyAppTests */ = {
			isa = PBXNativeTarget;
			buildConfigurationList = D50FC20E2BC823E000274280 /* Build configuration list for PBXNativeTarget "QuestifyAppTests" */;
			buildPhases = (
				D50FC1F32BC823E000274280 /* Sources */,
				D50FC1F42BC823E000274280 /* Frameworks */,
				D50FC1F52BC823E000274280 /* Resources */,
			);
			buildRules = (
			);
			dependencies = (
				D50FC1F92BC823E000274280 /* PBXTargetDependency */,
			);
			name = QuestifyAppTests;
			productName = QuestifyAppTests;
			productReference = D50FC1F72BC823E000274280 /* QuestifyAppTests.xctest */;
			productType = "com.apple.product-type.bundle.unit-test";
		};
		D50FC2002BC823E000274280 /* QuestifyAppUITests */ = {
			isa = PBXNativeTarget;
			buildConfigurationList = D50FC2112BC823E000274280 /* Build configuration list for PBXNativeTarget "QuestifyAppUITests" */;
			buildPhases = (
				D50FC1FD2BC823E000274280 /* Sources */,
				D50FC1FE2BC823E000274280 /* Frameworks */,
				D50FC1FF2BC823E000274280 /* Resources */,
			);
			buildRules = (
			);
			dependencies = (
				D50FC2032BC823E000274280 /* PBXTargetDependency */,
			);
			name = QuestifyAppUITests;
			productName = QuestifyAppUITests;
			productReference = D50FC2012BC823E000274280 /* QuestifyAppUITests.xctest */;
			productType = "com.apple.product-type.bundle.ui-testing";
		};
/* End PBXNativeTarget section */

/* Begin PBXProject section */
		D50FC1DF2BC823D900274280 /* Project object */ = {
			isa = PBXProject;
			attributes = {
				BuildIndependentTargetsInParallel = 1;
				LastSwiftUpdateCheck = 1530;
				LastUpgradeCheck = 1530;
				TargetAttributes = {
					D50FC1E62BC823D900274280 = {
						CreatedOnToolsVersion = 15.3;
					};
					D50FC1F62BC823E000274280 = {
						CreatedOnToolsVersion = 15.3;
						TestTargetID = D50FC1E62BC823D900274280;
					};
					D50FC2002BC823E000274280 = {
						CreatedOnToolsVersion = 15.3;
						TestTargetID = D50FC1E62BC823D900274280;
					};
				};
			};
			buildConfigurationList = D50FC1E22BC823D900274280 /* Build configuration list for PBXProject "QuestifyApp" */;
			compatibilityVersion = "Xcode 14.0";
			developmentRegion = en;
			hasScannedForEncodings = 0;
			knownRegions = (
				en,
				Base,
			);
			mainGroup = D50FC1DE2BC823D900274280;
			packageReferences = (
				D50FC2162BC827E400274280 /* XCRemoteSwiftPackageReference "firebase-ios-sdk" */,
			);
			productRefGroup = D50FC1E82BC823D900274280 /* Products */;
			projectDirPath = "";
			projectRoot = "";
			targets = (
				D50FC1E62BC823D900274280 /* QuestifyApp */,
				D50FC1F62BC823E000274280 /* QuestifyAppTests */,
				D50FC2002BC823E000274280 /* QuestifyAppUITests */,
			);
		};
/* End PBXProject section */

/* Begin PBXResourcesBuildPhase section */
		D50FC1E52BC823D900274280 /* Resources */ = {
			isa = PBXResourcesBuildPhase;
			buildActionMask = 2147483647;
			files = (
				D50FC1F22BC823DF00274280 /* Preview Assets.xcassets in Resources */,
				D50FC1EF2BC823DF00274280 /* Assets.xcassets in Resources */,
				D50FC2152BC826D600274280 /* GoogleService-Info.plist in Resources */,
			);
			runOnlyForDeploymentPostprocessing = 0;
		};
		D50FC1F52BC823E000274280 /* Resources */ = {
			isa = PBXResourcesBuildPhase;
			buildActionMask = 2147483647;
			files = (
			);
			runOnlyForDeploymentPostprocessing = 0;
		};
		D50FC1FF2BC823E000274280 /* Resources */ = {
			isa = PBXResourcesBuildPhase;
			buildActionMask = 2147483647;
			files = (
			);
			runOnlyForDeploymentPostprocessing = 0;
		};
/* End PBXResourcesBuildPhase section */

/* Begin PBXSourcesBuildPhase section */
		D50FC1E32BC823D900274280 /* Sources */ = {
			isa = PBXSourcesBuildPhase;
			buildActionMask = 2147483647;
			files = (
				D50FC1ED2BC823D900274280 /* ContentView.swift in Sources */,
				D50FC1EB2BC823D900274280 /* QuestifyAppApp.swift in Sources */,
			);
			runOnlyForDeploymentPostprocessing = 0;
		};
		D50FC1F32BC823E000274280 /* Sources */ = {
			isa = PBXSourcesBuildPhase;
			buildActionMask = 2147483647;
			files = (
				D50FC1FC2BC823E000274280 /* QuestifyAppTests.swift in Sources */,
			);
			runOnlyForDeploymentPostprocessing = 0;
		};
		D50FC1FD2BC823E000274280 /* Sources */ = {
			isa = PBXSourcesBuildPhase;
			buildActionMask = 2147483647;
			files = (
				D50FC2082BC823E000274280 /* QuestifyAppUITestsLaunchTests.swift in Sources */,
				D50FC2062BC823E000274280 /* QuestifyAppUITests.swift in Sources */,
			);
			runOnlyForDeploymentPostprocessing = 0;
		};
/* End PBXSourcesBuildPhase section */

/* Begin PBXTargetDependency section */
		D50FC1F92BC823E000274280 /* PBXTargetDependency */ = {
			isa = PBXTargetDependency;
			target = D50FC1E62BC823D900274280 /* QuestifyApp */;
			targetProxy = D50FC1F82BC823E000274280 /* PBXContainerItemProxy */;
		};
		D50FC2032BC823E000274280 /* PBXTargetDependency */ = {
			isa = PBXTargetDependency;
			target = D50FC1E62BC823D900274280 /* QuestifyApp */;
			targetProxy = D50FC2022BC823E000274280 /* PBXContainerItemProxy */;
		};
/* End PBXTargetDependency section */

/* Begin XCBuildConfiguration section */
		D50FC2092BC823E000274280 /* Debug */ = {
			isa = XCBuildConfiguration;
			buildSettings = {
				ALWAYS_SEARCH_USER_PATHS = NO;
				ASSETCATALOG_COMPILER_GENERATE_SWIFT_ASSET_SYMBOL_EXTENSIONS = YES;
				CLANG_ANALYZER_NONNULL = YES;
				CLANG_ANALYZER_NUMBER_OBJECT_CONVERSION = YES_AGGRESSIVE;
				CLANG_CXX_LANGUAGE_STANDARD = "gnu++20";
				CLANG_ENABLE_MODULES = YES;
				CLANG_ENABLE_OBJC_ARC = YES;
				CLANG_ENABLE_OBJC_WEAK = YES;
				CLANG_WARN_BLOCK_CAPTURE_AUTORELEASING = YES;
				CLANG_WARN_BOOL_CONVERSION = YES;
				CLANG_WARN_COMMA = YES;
				CLANG_WARN_CONSTANT_CONVERSION = YES;
				CLANG_WARN_DEPRECATED_OBJC_IMPLEMENTATIONS = YES;
				CLANG_WARN_DIRECT_OBJC_ISA_USAGE = YES_ERROR;
				CLANG_WARN_DOCUMENTATION_COMMENTS = YES;
				CLANG_WARN_EMPTY_BODY = YES;
				CLANG_WARN_ENUM_CONVERSION = YES;
				CLANG_WARN_INFINITE_RECURSION = YES;
				CLANG_WARN_INT_CONVERSION = YES;
				CLANG_WARN_NON_LITERAL_NULL_CONVERSION = YES;
				CLANG_WARN_OBJC_IMPLICIT_RETAIN_SELF = YES;
				CLANG_WARN_OBJC_LITERAL_CONVERSION = YES;
				CLANG_WARN_OBJC_ROOT_CLASS = YES_ERROR;
				CLANG_WARN_QUOTED_INCLUDE_IN_FRAMEWORK_HEADER = YES;
				CLANG_WARN_RANGE_LOOP_ANALYSIS = YES;
				CLANG_WARN_STRICT_PROTOTYPES = YES;
				CLANG_WARN_SUSPICIOUS_MOVE = YES;
				CLANG_WARN_UNGUARDED_AVAILABILITY = YES_AGGRESSIVE;
				CLANG_WARN_UNREACHABLE_CODE = YES;
				CLANG_WARN__DUPLICATE_METHOD_MATCH = YES;
				COPY_PHASE_STRIP = NO;
				DEBUG_INFORMATION_FORMAT = dwarf;
				ENABLE_STRICT_OBJC_MSGSEND = YES;
				ENABLE_TESTABILITY = YES;
				ENABLE_USER_SCRIPT_SANDBOXING = YES;
				GCC_C_LANGUAGE_STANDARD = gnu17;
				GCC_DYNAMIC_NO_PIC = NO;
				GCC_NO_COMMON_BLOCKS = YES;
				GCC_OPTIMIZATION_LEVEL = 0;
				GCC_PREPROCESSOR_DEFINITIONS = (
					"DEBUG=1",
					"$(inherited)",
				);
				GCC_WARN_64_TO_32_BIT_CONVERSION = YES;
				GCC_WARN_ABOUT_RETURN_TYPE = YES_ERROR;
				GCC_WARN_UNDECLARED_SELECTOR = YES;
				GCC_WARN_UNINITIALIZED_AUTOS = YES_AGGRESSIVE;
				GCC_WARN_UNUSED_FUNCTION = YES;
				GCC_WARN_UNUSED_VARIABLE = YES;
				IPHONEOS_DEPLOYMENT_TARGET = 17.4;
				LOCALIZATION_PREFERS_STRING_CATALOGS = YES;
				MTL_ENABLE_DEBUG_INFO = INCLUDE_SOURCE;
				MTL_FAST_MATH = YES;
				ONLY_ACTIVE_ARCH = YES;
				SDKROOT = iphoneos;
				SWIFT_ACTIVE_COMPILATION_CONDITIONS = "DEBUG $(inherited)";
				SWIFT_OPTIMIZATION_LEVEL = "-Onone";
			};
			name = Debug;
		};
		D50FC20A2BC823E000274280 /* Release */ = {
			isa = XCBuildConfiguration;
			buildSettings = {
				ALWAYS_SEARCH_USER_PATHS = NO;
				ASSETCATALOG_COMPILER_GENERATE_SWIFT_ASSET_SYMBOL_EXTENSIONS = YES;
				CLANG_ANALYZER_NONNULL = YES;
				CLANG_ANALYZER_NUMBER_OBJECT_CONVERSION = YES_AGGRESSIVE;
				CLANG_CXX_LANGUAGE_STANDARD = "gnu++20";
				CLANG_ENABLE_MODULES = YES;
				CLANG_ENABLE_OBJC_ARC = YES;
				CLANG_ENABLE_OBJC_WEAK = YES;
				CLANG_WARN_BLOCK_CAPTURE_AUTORELEASING = YES;
				CLANG_WARN_BOOL_CONVERSION = YES;
				CLANG_WARN_COMMA = YES;
				CLANG_WARN_CONSTANT_CONVERSION = YES;
				CLANG_WARN_DEPRECATED_OBJC_IMPLEMENTATIONS = YES;
				CLANG_WARN_DIRECT_OBJC_ISA_USAGE = YES_ERROR;
				CLANG_WARN_DOCUMENTATION_COMMENTS = YES;
				CLANG_WARN_EMPTY_BODY = YES;
				CLANG_WARN_ENUM_CONVERSION = YES;
				CLANG_WARN_INFINITE_RECURSION = YES;
				CLANG_WARN_INT_CONVERSION = YES;
				CLANG_WARN_NON_LITERAL_NULL_CONVERSION = YES;
				CLANG_WARN_OBJC_IMPLICIT_RETAIN_SELF = YES;
				CLANG_WARN_OBJC_LITERAL_CONVERSION = YES;
				CLANG_WARN_OBJC_ROOT_CLASS = YES_ERROR;
				CLANG_WARN_QUOTED_INCLUDE_IN_FRAMEWORK_HEADER = YES;
				CLANG_WARN_RANGE_LOOP_ANALYSIS = YES;
				CLANG_WARN_STRICT_PROTOTYPES = YES;
				CLANG_WARN_SUSPICIOUS_MOVE = YES;
				CLANG_WARN_UNGUARDED_AVAILABILITY = YES_AGGRESSIVE;
				CLANG_WARN_UNREACHABLE_CODE = YES;
				CLANG_WARN__DUPLICATE_METHOD_MATCH = YES;
				COPY_PHASE_STRIP = NO;
				DEBUG_INFORMATION_FORMAT = "dwarf-with-dsym";
				ENABLE_NS_ASSERTIONS = NO;
				ENABLE_STRICT_OBJC_MSGSEND = YES;
				ENABLE_USER_SCRIPT_SANDBOXING = YES;
				GCC_C_LANGUAGE_STANDARD = gnu17;
				GCC_NO_COMMON_BLOCKS = YES;
				GCC_WARN_64_TO_32_BIT_CONVERSION = YES;
				GCC_WARN_ABOUT_RETURN_TYPE = YES_ERROR;
				GCC_WARN_UNDECLARED_SELECTOR = YES;
				GCC_WARN_UNINITIALIZED_AUTOS = YES_AGGRESSIVE;
				GCC_WARN_UNUSED_FUNCTION = YES;
				GCC_WARN_UNUSED_VARIABLE = YES;
				IPHONEOS_DEPLOYMENT_TARGET = 17.4;
				LOCALIZATION_PREFERS_STRING_CATALOGS = YES;
				MTL_ENABLE_DEBUG_INFO = NO;
				MTL_FAST_MATH = YES;
				SDKROOT = iphoneos;
				SWIFT_COMPILATION_MODE = wholemodule;
				VALIDATE_PRODUCT = YES;
			};
			name = Release;
		};
		D50FC20C2BC823E000274280 /* Debug */ = {
			isa = XCBuildConfiguration;
			buildSettings = {
				ASSETCATALOG_COMPILER_APPICON_NAME = AppIcon;
				ASSETCATALOG_COMPILER_GLOBAL_ACCENT_COLOR_NAME = AccentColor;
				CODE_SIGN_STYLE = Automatic;
				CURRENT_PROJECT_VERSION = 1;
				DEVELOPMENT_ASSET_PATHS = "\"QuestifyApp/Preview Content\"";
				ENABLE_PREVIEWS = YES;
				GENERATE_INFOPLIST_FILE = YES;
				INFOPLIST_KEY_UIApplicationSceneManifest_Generation = YES;
				INFOPLIST_KEY_UIApplicationSupportsIndirectInputEvents = YES;
				INFOPLIST_KEY_UILaunchScreen_Generation = YES;
				INFOPLIST_KEY_UISupportedInterfaceOrientations_iPad = "UIInterfaceOrientationPortrait UIInterfaceOrientationPortraitUpsideDown UIInterfaceOrientationLandscapeLeft UIInterfaceOrientationLandscapeRight";
				INFOPLIST_KEY_UISupportedInterfaceOrientations_iPhone = "UIInterfaceOrientationPortrait UIInterfaceOrientationLandscapeLeft UIInterfaceOrientationLandscapeRight";
				LD_RUNPATH_SEARCH_PATHS = (
					"$(inherited)",
					"@executable_path/Frameworks",
				);
				MARKETING_VERSION = 1.0;
				PRODUCT_BUNDLE_IDENTIFIER = GSR.QuestifyApp;
				PRODUCT_NAME = "$(TARGET_NAME)";
				SWIFT_EMIT_LOC_STRINGS = YES;
				SWIFT_VERSION = 5.0;
				TARGETED_DEVICE_FAMILY = "1,2";
			};
			name = Debug;
		};
		D50FC20D2BC823E000274280 /* Release */ = {
			isa = XCBuildConfiguration;
			buildSettings = {
				ASSETCATALOG_COMPILER_APPICON_NAME = AppIcon;
				ASSETCATALOG_COMPILER_GLOBAL_ACCENT_COLOR_NAME = AccentColor;
				CODE_SIGN_STYLE = Automatic;
				CURRENT_PROJECT_VERSION = 1;
				DEVELOPMENT_ASSET_PATHS = "\"QuestifyApp/Preview Content\"";
				ENABLE_PREVIEWS = YES;
				GENERATE_INFOPLIST_FILE = YES;
				INFOPLIST_KEY_UIApplicationSceneManifest_Generation = YES;
				INFOPLIST_KEY_UIApplicationSupportsIndirectInputEvents = YES;
				INFOPLIST_KEY_UILaunchScreen_Generation = YES;
				INFOPLIST_KEY_UISupportedInterfaceOrientations_iPad = "UIInterfaceOrientationPortrait UIInterfaceOrientationPortraitUpsideDown UIInterfaceOrientationLandscapeLeft UIInterfaceOrientationLandscapeRight";
				INFOPLIST_KEY_UISupportedInterfaceOrientations_iPhone = "UIInterfaceOrientationPortrait UIInterfaceOrientationLandscapeLeft UIInterfaceOrientationLandscapeRight";
				LD_RUNPATH_SEARCH_PATHS = (
					"$(inherited)",
					"@executable_path/Frameworks",
				);
				MARKETING_VERSION = 1.0;
				PRODUCT_BUNDLE_IDENTIFIER = GSR.QuestifyApp;
				PRODUCT_NAME = "$(TARGET_NAME)";
				SWIFT_EMIT_LOC_STRINGS = YES;
				SWIFT_VERSION = 5.0;
				TARGETED_DEVICE_FAMILY = "1,2";
			};
			name = Release;
		};
		D50FC20F2BC823E000274280 /* Debug */ = {
			isa = XCBuildConfiguration;
			buildSettings = {
				ALWAYS_EMBED_SWIFT_STANDARD_LIBRARIES = YES;
				BUNDLE_LOADER = "$(TEST_HOST)";
				CODE_SIGN_STYLE = Automatic;
				CURRENT_PROJECT_VERSION = 1;
				GENERATE_INFOPLIST_FILE = YES;
				IPHONEOS_DEPLOYMENT_TARGET = 17.4;
				MARKETING_VERSION = 1.0;
				PRODUCT_BUNDLE_IDENTIFIER = GSR.QuestifyAppTests;
				PRODUCT_NAME = "$(TARGET_NAME)";
				SWIFT_EMIT_LOC_STRINGS = NO;
				SWIFT_VERSION = 5.0;
				TARGETED_DEVICE_FAMILY = "1,2";
				TEST_HOST = "$(BUILT_PRODUCTS_DIR)/QuestifyApp.app/$(BUNDLE_EXECUTABLE_FOLDER_PATH)/QuestifyApp";
			};
			name = Debug;
		};
		D50FC2102BC823E000274280 /* Release */ = {
			isa = XCBuildConfiguration;
			buildSettings = {
				ALWAYS_EMBED_SWIFT_STANDARD_LIBRARIES = YES;
				BUNDLE_LOADER = "$(TEST_HOST)";
				CODE_SIGN_STYLE = Automatic;
				CURRENT_PROJECT_VERSION = 1;
				GENERATE_INFOPLIST_FILE = YES;
				IPHONEOS_DEPLOYMENT_TARGET = 17.4;
				MARKETING_VERSION = 1.0;
				PRODUCT_BUNDLE_IDENTIFIER = GSR.QuestifyAppTests;
				PRODUCT_NAME = "$(TARGET_NAME)";
				SWIFT_EMIT_LOC_STRINGS = NO;
				SWIFT_VERSION = 5.0;
				TARGETED_DEVICE_FAMILY = "1,2";
				TEST_HOST = "$(BUILT_PRODUCTS_DIR)/QuestifyApp.app/$(BUNDLE_EXECUTABLE_FOLDER_PATH)/QuestifyApp";
			};
			name = Release;
		};
		D50FC2122BC823E000274280 /* Debug */ = {
			isa = XCBuildConfiguration;
			buildSettings = {
				ALWAYS_EMBED_SWIFT_STANDARD_LIBRARIES = YES;
				CODE_SIGN_STYLE = Automatic;
				CURRENT_PROJECT_VERSION = 1;
				GENERATE_INFOPLIST_FILE = YES;
				MARKETING_VERSION = 1.0;
				PRODUCT_BUNDLE_IDENTIFIER = GSR.QuestifyAppUITests;
				PRODUCT_NAME = "$(TARGET_NAME)";
				SWIFT_EMIT_LOC_STRINGS = NO;
				SWIFT_VERSION = 5.0;
				TARGETED_DEVICE_FAMILY = "1,2";
				TEST_TARGET_NAME = QuestifyApp;
			};
			name = Debug;
		};
		D50FC2132BC823E000274280 /* Release */ = {
			isa = XCBuildConfiguration;
			buildSettings = {
				ALWAYS_EMBED_SWIFT_STANDARD_LIBRARIES = YES;
				CODE_SIGN_STYLE = Automatic;
				CURRENT_PROJECT_VERSION = 1;
				GENERATE_INFOPLIST_FILE = YES;
				MARKETING_VERSION = 1.0;
				PRODUCT_BUNDLE_IDENTIFIER = GSR.QuestifyAppUITests;
				PRODUCT_NAME = "$(TARGET_NAME)";
				SWIFT_EMIT_LOC_STRINGS = NO;
				SWIFT_VERSION = 5.0;
				TARGETED_DEVICE_FAMILY = "1,2";
				TEST_TARGET_NAME = QuestifyApp;
			};
			name = Release;
		};
/* End XCBuildConfiguration section */

/* Begin XCConfigurationList section */
		D50FC1E22BC823D900274280 /* Build configuration list for PBXProject "QuestifyApp" */ = {
			isa = XCConfigurationList;
			buildConfigurations = (
				D50FC2092BC823E000274280 /* Debug */,
				D50FC20A2BC823E000274280 /* Release */,
			);
			defaultConfigurationIsVisible = 0;
			defaultConfigurationName = Release;
		};
		D50FC20B2BC823E000274280 /* Build configuration list for PBXNativeTarget "QuestifyApp" */ = {
			isa = XCConfigurationList;
			buildConfigurations = (
				D50FC20C2BC823E000274280 /* Debug */,
				D50FC20D2BC823E000274280 /* Release */,
			);
			defaultConfigurationIsVisible = 0;
			defaultConfigurationName = Release;
		};
		D50FC20E2BC823E000274280 /* Build configuration list for PBXNativeTarget "QuestifyAppTests" */ = {
			isa = XCConfigurationList;
			buildConfigurations = (
				D50FC20F2BC823E000274280 /* Debug */,
				D50FC2102BC823E000274280 /* Release */,
			);
			defaultConfigurationIsVisible = 0;
			defaultConfigurationName = Release;
		};
		D50FC2112BC823E000274280 /* Build configuration list for PBXNativeTarget "QuestifyAppUITests" */ = {
			isa = XCConfigurationList;
			buildConfigurations = (
				D50FC2122BC823E000274280 /* Debug */,
				D50FC2132BC823E000274280 /* Release */,
			);
			defaultConfigurationIsVisible = 0;
			defaultConfigurationName = Release;
		};
/* End XCConfigurationList section */

/* Begin XCRemoteSwiftPackageReference section */
		D50FC2162BC827E400274280 /* XCRemoteSwiftPackageReference "firebase-ios-sdk" */ = {
			isa = XCRemoteSwiftPackageReference;
			repositoryURL = "https://github.com/firebase/firebase-ios-sdk.git";
			requirement = {
				kind = upToNextMajorVersion;
				minimumVersion = 10.24.0;
			};
		};
/* End XCRemoteSwiftPackageReference section */

/* Begin XCSwiftPackageProductDependency section */
		D50FC2172BC827E400274280 /* FirebaseAnalytics */ = {
			isa = XCSwiftPackageProductDependency;
			package = D50FC2162BC827E400274280 /* XCRemoteSwiftPackageReference "firebase-ios-sdk" */;
			productName = FirebaseAnalytics;
		};
		D50FC2192BC827E400274280 /* FirebaseAnalyticsOnDeviceConversion */ = {
			isa = XCSwiftPackageProductDependency;
			package = D50FC2162BC827E400274280 /* XCRemoteSwiftPackageReference "firebase-ios-sdk" */;
			productName = FirebaseAnalyticsOnDeviceConversion;
		};
		D50FC21B2BC827E400274280 /* FirebaseAnalyticsSwift */ = {
			isa = XCSwiftPackageProductDependency;
			package = D50FC2162BC827E400274280 /* XCRemoteSwiftPackageReference "firebase-ios-sdk" */;
			productName = FirebaseAnalyticsSwift;
		};
		D50FC21D2BC827E400274280 /* FirebaseAnalyticsWithoutAdIdSupport */ = {
			isa = XCSwiftPackageProductDependency;
			package = D50FC2162BC827E400274280 /* XCRemoteSwiftPackageReference "firebase-ios-sdk" */;
			productName = FirebaseAnalyticsWithoutAdIdSupport;
		};
		D50FC21F2BC827E400274280 /* FirebaseAppCheck */ = {
			isa = XCSwiftPackageProductDependency;
			package = D50FC2162BC827E400274280 /* XCRemoteSwiftPackageReference "firebase-ios-sdk" */;
			productName = FirebaseAppCheck;
		};
/* End XCSwiftPackageProductDependency section */
	};
	rootObject = D50FC1DF2BC823D900274280 /* Project object */;
}
